github.com/pagefind/docs-template v0.0.0-20250831044028-85f542cac3ca h1:U7+s1FWHWZam2PkuzJQRWrhqfvzpzI50GaMcqB5YE2I=
github.com/pagefind/docs-template v0.0.0-20250831044028-85f542cac3ca/go.mod h1:562IqiAc0n4ZA8UrRrf2hb2uEXkmECnP6mI34hRWY08=
github.com/pagefind/docs-template v0.0.0-20250831044821-2f320034e712 h1:/2+l8JCM/jYcI69uVAd4jH84MGNax4kpIQ2U72U+jDo=
github.com/pagefind/docs-template v0.0.0-20250831044821-2f320034e712/go.mod h1:562IqiAc0n4ZA8UrRrf2hb2uEXkmECnP6mI34hRWY08=
github.com/pagefind/docs-template v0.0.0-20250831045503-15cd0a36f45d h1:4tvGnzifweXiWO1pzA3K3rSwC0liSDbyi/jQAHvwnVo=
github.com/pagefind/docs-template v0.0.0-20250831045503-15cd0a36f45d/go.mod h1:562IqiAc0n4ZA8UrRrf2hb2uEXkmECnP6mI34hRWY08=
github.com/pagefind/docs-template v0.0.0-20250831045924-4606fafa2c16 h1:RgQoGHbRMiMlFtOsyQDREUoVsh8NolY9pAyb/AixZdw=
github.com/pagefind/docs-template v0.0.0-20250831045924-4606fafa2c16/go.mod h1:562IqiAc0n4ZA8UrRrf2hb2uEXkmECnP6mI34hRWY08=
github.com/pagefind/docs-template v0.0.0-20250831050907-4c98df15e00f h1:xPv1zPe1X1Irv91XCoX2FSJe9WqmgUjI5DtA32V2tZk=
github.com/pagefind/docs-template v0.0.0-20250831050907-4c98df15e00f/go.mod h1:562IqiAc0n4ZA8UrRrf2hb2uEXkmECnP6mI34hRWY08=
github.com/pagefind/docs-template v0.0.0-20250831083147-405b36b58841 h1:Oq500gMx6KLO0giCh9+cAzi7c5MKUdBzFwnYrFD0quI=
github.com/pagefind/docs-template v0.0.0-20250831083147-405b36b58841/go.mod h1:562IqiAc0n4ZA8UrRrf2hb2uEXkmECnP6mI34hRWY08=
github.com/pagefind/docs-template v0.0.0-20250831083523-b8d69254ebe9 h1:UUF0vn5rltdT0PHGXCQsJuM6wlM+1R1EpxLbu4ulKfU=
github.com/pagefind/docs-template v0.0.0-20250831083523-b8d69254ebe9/go.mod h1:562IqiAc0n4ZA8UrRrf2hb2uEXkmECnP6mI34hRWY08=
